# This is a Gradle generated file for dependency locking.
# Manual edits can break the build and are not advised.
# This file is expected to be part of source control.
com.fasterxml.jackson:jackson-bom:2.19.1=platformBaselines
org.junit:junit-bom:5.13.1=platformBaselines
org.slf4j:slf4j-bom:2.0.17=platformBaselines
empty=
